
Microsoft Visual Studio Solution File, Format Version 12.00
# Visual Studio Version 16
VisualStudioVersion = 16.0.29324.140
MinimumVisualStudioVersion = 10.0.40219.1
Project("{FAE04EC0-301F-11D3-BF4B-00C04F79EFBC}") = "featuretoggling", "featuretoggling.csproj", "{787FFF15-E271-4DEB-9B94-2E709A3892D7}"
EndProject
Global
	GlobalSection(SolutionConfigurationPlatforms) = preSolution
		Debug|Any CPU = Debug|Any CPU
		Release|Any CPU = Release|Any CPU
	EndGlobalSection
	GlobalSection(ProjectConfigurationPlatforms) = postSolution
		{787FFF15-E271-4DEB-9B94-2E709A3892D7}.Debug|Any CPU.ActiveCfg = Debug|Any CPU
		{787FFF15-E271-4DEB-9B94-2E709A3892D7}.Debug|Any CPU.Build.0 = Debug|Any CPU
		{787FFF15-E271-4DEB-9B94-2E709A3892D7}.Release|Any CPU.ActiveCfg = Release|Any CPU
		{787FFF15-E271-4DEB-9B94-2E709A3892D7}.Release|Any CPU.Build.0 = Release|Any CPU
	EndGlobalSection
	GlobalSection(SolutionProperties) = preSolution
		HideSolutionNode = FALSE
	EndGlobalSection
	GlobalSection(ExtensibilityGlobals) = postSolution
		SolutionGuid = {2C089E0C-066E-4DD4-933E-BF1E676D7ACF}
	EndGlobalSection
EndGlobal
